# @generated - this file is auto-generated by `mise lock` https://mise.jdx.dev/dev-tools/mise-lock.html

[[tools.go]]
version = "1.25.9"
backend = "core:go"

[tools.go."platforms.linux-arm64"]
checksum = "sha256:ec342e7389b7f489564ed5463c63b16cf8040023dabc7861256677165a8c0e2b"
url = "https://dl.google.com/go/go1.25.9.linux-arm64.tar.gz"

[tools.go."platforms.linux-arm64-musl"]
checksum = "sha256:ec342e7389b7f489564ed5463c63b16cf8040023dabc7861256677165a8c0e2b"
url = "https://dl.google.com/go/go1.25.9.linux-arm64.tar.gz"

[tools.go."platforms.linux-x64"]
checksum = "sha256:00859d7bd6defe8bf84d9db9e57b9a4467b2887c18cd93ae7460e713db774bc1"
url = "https://dl.google.com/go/go1.25.9.linux-amd64.tar.gz"

[tools.go."platforms.linux-x64-musl"]
checksum = "sha256:00859d7bd6defe8bf84d9db9e57b9a4467b2887c18cd93ae7460e713db774bc1"
url = "https://dl.google.com/go/go1.25.9.linux-amd64.tar.gz"

[tools.go."platforms.macos-arm64"]
checksum = "sha256:9528be7329b9770631a6bd09ca2f3a73ed7332bec01d87435e75e92d8f130363"
url = "https://dl.google.com/go/go1.25.9.darwin-arm64.tar.gz"

[tools.go."platforms.macos-x64"]
checksum = "sha256:92cb78fba4796e218c1accb0ea0a214ef2094c382049a244ad6505505d015fbe"
url = "https://dl.google.com/go/go1.25.9.darwin-amd64.tar.gz"

[tools.go."platforms.windows-x64"]
checksum = "sha256:a7a710e225467b34e9e09fb432b829c86c9b2da5821ee5418f7eb2e8ae1a22cc"
url = "https://dl.google.com/go/go1.25.9.windows-amd64.zip"

[[tools.java]]
version = "temurin-21.0.10+7.0.LTS"
backend = "core:java"

[[tools.kotlin]]
version = "2.3.21"
backend = "github:JetBrains/kotlin"

[tools.kotlin.options]
asset_pattern = "kotlin-compiler-*.zip"

[tools.kotlin."platforms.linux-arm64"]
checksum = "sha256:a8cfc1d62cd4d0de4d04f42575e40135bd620588c17d568a20eb9c7c259af14f"
url = "https://github.com/JetBrains/kotlin/releases/download/v2.3.21/kotlin-compiler-2.3.21.zip"
url_api = "https://api.github.com/repos/JetBrains/kotlin/releases/assets/403244823"

[tools.kotlin."platforms.linux-arm64-musl"]
checksum = "sha256:a8cfc1d62cd4d0de4d04f42575e40135bd620588c17d568a20eb9c7c259af14f"
url = "https://github.com/JetBrains/kotlin/releases/download/v2.3.21/kotlin-compiler-2.3.21.zip"
url_api = "https://api.github.com/repos/JetBrains/kotlin/releases/assets/403244823"

[tools.kotlin."platforms.linux-x64"]
checksum = "sha256:a8cfc1d62cd4d0de4d04f42575e40135bd620588c17d568a20eb9c7c259af14f"
url = "https://github.com/JetBrains/kotlin/releases/download/v2.3.21/kotlin-compiler-2.3.21.zip"
url_api = "https://api.github.com/repos/JetBrains/kotlin/releases/assets/403244823"

[tools.kotlin."platforms.linux-x64-musl"]
checksum = "sha256:a8cfc1d62cd4d0de4d04f42575e40135bd620588c17d568a20eb9c7c259af14f"
url = "https://github.com/JetBrains/kotlin/releases/download/v2.3.21/kotlin-compiler-2.3.21.zip"
url_api = "https://api.github.com/repos/JetBrains/kotlin/releases/assets/403244823"

[tools.kotlin."platforms.macos-arm64"]
checksum = "sha256:a8cfc1d62cd4d0de4d04f42575e40135bd620588c17d568a20eb9c7c259af14f"
url = "https://github.com/JetBrains/kotlin/releases/download/v2.3.21/kotlin-compiler-2.3.21.zip"
url_api = "https://api.github.com/repos/JetBrains/kotlin/releases/assets/403244823"

[tools.kotlin."platforms.macos-x64"]
checksum = "sha256:a8cfc1d62cd4d0de4d04f42575e40135bd620588c17d568a20eb9c7c259af14f"
url = "https://github.com/JetBrains/kotlin/releases/download/v2.3.21/kotlin-compiler-2.3.21.zip"
url_api = "https://api.github.com/repos/JetBrains/kotlin/releases/assets/403244823"

[tools.kotlin."platforms.windows-x64"]
checksum = "sha256:a8cfc1d62cd4d0de4d04f42575e40135bd620588c17d568a20eb9c7c259af14f"
url = "https://github.com/JetBrains/kotlin/releases/download/v2.3.21/kotlin-compiler-2.3.21.zip"
url_api = "https://api.github.com/repos/JetBrains/kotlin/releases/assets/403244823"

[[tools.node]]
version = "22.22.2"
backend = "core:node"

[tools.node."platforms.linux-arm64"]
checksum = "sha256:b2f3a96f31486bfc365192ad65ced14833ad2a3c2e1bcefec4846902f264fa28"
url = "https://nodejs.org/dist/v22.22.2/node-v22.22.2-linux-arm64.tar.gz"

[tools.node."platforms.linux-arm64-musl"]
checksum = "sha256:b2f3a96f31486bfc365192ad65ced14833ad2a3c2e1bcefec4846902f264fa28"
url = "https://nodejs.org/dist/v22.22.2/node-v22.22.2-linux-arm64.tar.gz"

[tools.node."platforms.linux-x64"]
checksum = "sha256:978978a635eef872fa68beae09f0aad0bbbae6757e444da80b570964a97e62a3"
url = "https://nodejs.org/dist/v22.22.2/node-v22.22.2-linux-x64.tar.gz"

[tools.node."platforms.linux-x64-musl"]
checksum = "sha256:978978a635eef872fa68beae09f0aad0bbbae6757e444da80b570964a97e62a3"
url = "https://nodejs.org/dist/v22.22.2/node-v22.22.2-linux-x64.tar.gz"

[tools.node."platforms.macos-arm64"]
checksum = "sha256:db4b275b83736df67533529a18cc55de2549a8329ace6c7bcc68f8d22d3c9000"
url = "https://nodejs.org/dist/v22.22.2/node-v22.22.2-darwin-arm64.tar.gz"

[tools.node."platforms.macos-x64"]
checksum = "sha256:12a6abb9c2902cf48a21120da13f87fde1ed1b71a13330712949e8db818708ba"
url = "https://nodejs.org/dist/v22.22.2/node-v22.22.2-darwin-x64.tar.gz"

[tools.node."platforms.windows-x64"]
checksum = "sha256:7c93e9d92bf68c07182b471aa187e35ee6cd08ef0f24ab060dfff605fcc1c57c"
url = "https://nodejs.org/dist/v22.22.2/node-v22.22.2-win-x64.zip"

[[tools."npm:typescript"]]
version = "6.0.3"
backend = "npm:typescript"

[[tools.python]]
version = "3.13.13"
backend = "core:python"

[tools.python."platforms.linux-arm64"]
checksum = "sha256:0556f1260a9a1fc83210dcecf9d4cbacf17eb4a684541c84798ffc8b4d618c35"
url = "https://github.com/astral-sh/python-build-standalone/releases/download/20260414/cpython-3.13.13+20260414-aarch64-unknown-linux-gnu-install_only_stripped.tar.gz"
provenance = "github-attestations"

[tools.python."platforms.linux-arm64-musl"]
checksum = "sha256:0556f1260a9a1fc83210dcecf9d4cbacf17eb4a684541c84798ffc8b4d618c35"
url = "https://github.com/astral-sh/python-build-standalone/releases/download/20260414/cpython-3.13.13+20260414-aarch64-unknown-linux-gnu-install_only_stripped.tar.gz"
provenance = "github-attestations"

[tools.python."platforms.linux-x64"]
checksum = "sha256:13d3b6d15f4c3c1dd1955a3c81e06bdc5aef4cb5cb65076878374948be3b0412"
url = "https://github.com/astral-sh/python-build-standalone/releases/download/20260414/cpython-3.13.13+20260414-x86_64-unknown-linux-gnu-install_only_stripped.tar.gz"
provenance = "github-attestations"

[tools.python."platforms.linux-x64-musl"]
checksum = "sha256:13d3b6d15f4c3c1dd1955a3c81e06bdc5aef4cb5cb65076878374948be3b0412"
url = "https://github.com/astral-sh/python-build-standalone/releases/download/20260414/cpython-3.13.13+20260414-x86_64-unknown-linux-gnu-install_only_stripped.tar.gz"
provenance = "github-attestations"

[tools.python."platforms.macos-arm64"]
checksum = "sha256:874f9931ad40dcce38caf6f408aa7e10ec3d0dfce2184ba7af62a965a66b9cd9"
url = "https://github.com/astral-sh/python-build-standalone/releases/download/20260414/cpython-3.13.13+20260414-aarch64-apple-darwin-install_only_stripped.tar.gz"
provenance = "github-attestations"

[tools.python."platforms.macos-x64"]
checksum = "sha256:d34198cd856fa80ebf3aa821fe329a25fab66eeda44f72ac9576591282e31bb7"
url = "https://github.com/astral-sh/python-build-standalone/releases/download/20260414/cpython-3.13.13+20260414-x86_64-apple-darwin-install_only_stripped.tar.gz"
provenance = "github-attestations"

[tools.python."platforms.windows-x64"]
checksum = "sha256:b84dce293464cfd366ee792a3d5b42abe5174fc9cce733ba895b3ef467cb3161"
url = "https://github.com/astral-sh/python-build-standalone/releases/download/20260414/cpython-3.13.13+20260414-x86_64-pc-windows-msvc-install_only_stripped.tar.gz"
provenance = "github-attestations"
